
Microsoft Visual Studio Solution File, Format Version 12.00
# Visual Studio Version 17
VisualStudioVersion = 17.2.32526.322
MinimumVisualStudioVersion = 10.0.40219.1
Project("{8BC9CEB8-8B4A-11D0-8D11-00A0C91BC942}") = "Project 1", "CIS-5 NORCO COLLEGE\CIS-5 NORCO COLLEGE.vcxproj", "{7271EF95-1C05-462E-83FC-99A1BCDB42A9}"
EndProject
Project("{8BC9CEB8-8B4A-11D0-8D11-00A0C91BC942}") = "Project 2", "Project 2\Project 2.vcxproj", "{2E2D4CC4-CE6C-4E05-9163-0C584DDB128A}"
EndProject
Project("{8BC9CEB8-8B4A-11D0-8D11-00A0C91BC942}") = "Project 3", "Project 3\Project 3.vcxproj", "{53770B3C-3F04-41F6-A9F8-4A6EA9CCCB76}"
EndProject
Project("{8BC9CEB8-8B4A-11D0-8D11-00A0C91BC942}") = "Project 4", "Project 4\Project 4.vcxproj", "{AAFE26F8-B4CE-4E10-A0F3-E1E2D3034BEC}"
EndProject
Project("{8BC9CEB8-8B4A-11D0-8D11-00A0C91BC942}") = "Project 5", "Project 5\Project 5.vcxproj", "{C26AD152-09AC-4607-807D-5CE8CB1BEBFB}"
EndProject
Project("{8BC9CEB8-8B4A-11D0-8D11-00A0C91BC942}") = "Project 6", "Project 6\Project 6.vcxproj", "{16793BFC-BB22-4E87-8AC8-A0142D29389E}"
EndProject
Project("{8BC9CEB8-8B4A-11D0-8D11-00A0C91BC942}") = "Project 7", "Project 7\Project 7.vcxproj", "{9F0FDF67-45F8-4B8E-BF60-357C5065D367}"
EndProject
Project("{8BC9CEB8-8B4A-11D0-8D11-00A0C91BC942}") = "Project 8", "Project 8\Project 8.vcxproj", "{8571A2F0-367B-42EB-8C26-C56C54252D6E}"
EndProject
Project("{8BC9CEB8-8B4A-11D0-8D11-00A0C91BC942}") = "Project 9", "Project 9\Project 9.vcxproj", "{910D5793-1C21-4C9A-A193-4BAB4BA9D2F5}"
EndProject
Project("{8BC9CEB8-8B4A-11D0-8D11-00A0C91BC942}") = "Project a10", "Project 10\Project 10.vcxproj", "{E4FBC562-9BAF-47A0-9AC6-B625CCC05E16}"
EndProject
Project("{8BC9CEB8-8B4A-11D0-8D11-00A0C91BC942}") = "Project a11", "Project 11\Project 11.vcxproj", "{413CEAFE-D841-4CCD-A14B-A0A0953A370D}"
EndProject
Project("{8BC9CEB8-8B4A-11D0-8D11-00A0C91BC942}") = "Project a12", "Project a12\Project a12.vcxproj", "{7F28E418-FDB2-43FA-BE0F-EC0375B04B3B}"
EndProject
Project("{8BC9CEB8-8B4A-11D0-8D11-00A0C91BC942}") = "Project a13", "Project a13\Project a13.vcxproj", "{C2185A8A-8F43-4816-98FB-8714CFD928F7}"
EndProject
Project("{8BC9CEB8-8B4A-11D0-8D11-00A0C91BC942}") = "Project a14", "Project a14\Project a14.vcxproj", "{DF4C5C49-AFA8-4C97-9074-C373712530AC}"
EndProject
Project("{8BC9CEB8-8B4A-11D0-8D11-00A0C91BC942}") = "Project a15", "Project a15\Project a15.vcxproj", "{AF557705-8819-4CC7-8A92-AAB240D03B1F}"
EndProject
Project("{8BC9CEB8-8B4A-11D0-8D11-00A0C91BC942}") = "Project a16", "Project a16\Project a16.vcxproj", "{5EC5F438-5499-4A33-B2CB-17DB4BC7DB86}"
EndProject
Project("{8BC9CEB8-8B4A-11D0-8D11-00A0C91BC942}") = "Project a17", "Project a17\Project a17.vcxproj", "{F034F9A6-F002-4E1B-BA20-E1AC504F6FCA}"
EndProject
Project("{8BC9CEB8-8B4A-11D0-8D11-00A0C91BC942}") = "Project a18", "Project a18\Project a18.vcxproj", "{53049A5B-3A9A-4236-AC83-D1423265BB54}"
EndProject
Project("{8BC9CEB8-8B4A-11D0-8D11-00A0C91BC942}") = "Project a19", "Project a19\Project a19.vcxproj", "{813B769E-E0A2-4551-BDD1-EB5DC2D50187}"
EndProject
Project("{8BC9CEB8-8B4A-11D0-8D11-00A0C91BC942}") = "Project a20", "Project a20\Project a20.vcxproj", "{FE7F0B01-12A2-410C-AD84-8D4D321737ED}"
EndProject
Project("{8BC9CEB8-8B4A-11D0-8D11-00A0C91BC942}") = "Project a21", "Project a21\Project a21.vcxproj", "{E7DE7A73-A6CE-4A4E-A91F-C92FA0C4F874}"
EndProject
Project("{8BC9CEB8-8B4A-11D0-8D11-00A0C91BC942}") = "Project a22", "Project a22\Project a22.vcxproj", "{FC52F78D-982A-4361-BDC4-474C046D41AD}"
EndProject
Project("{8BC9CEB8-8B4A-11D0-8D11-00A0C91BC942}") = "Project a23", "Project a23\Project a23.vcxproj", "{3926C872-4719-4E9B-9522-FC664183F091}"
EndProject
Project("{8BC9CEB8-8B4A-11D0-8D11-00A0C91BC942}") = "Project a24", "Project a24\Project a24.vcxproj", "{AD93DA41-CFC5-4B0D-B344-C269B65E96B6}"
EndProject
Project("{8BC9CEB8-8B4A-11D0-8D11-00A0C91BC942}") = "Project a25", "Project a25\Project a25.vcxproj", "{199F8D31-0277-41CA-8FC1-56316DD85815}"
EndProject
Project("{8BC9CEB8-8B4A-11D0-8D11-00A0C91BC942}") = "DEMO TESTING", "DEMO TESTING\DEMO TESTING.vcxproj", "{04125DC7-29F1-4687-8460-B8DDC75330F8}"
EndProject
Project("{8BC9CEB8-8B4A-11D0-8D11-00A0C91BC942}") = "Project a26", "Project a26\Project a26.vcxproj", "{B12CEF8F-7E69-4C03-A776-B92D43D555D0}"
EndProject
Project("{8BC9CEB8-8B4A-11D0-8D11-00A0C91BC942}") = "Project a27", "Project a27\Project a27.vcxproj", "{0044BD70-F0CC-4D3C-9578-F9274F0B5EE8}"
EndProject
Project("{8BC9CEB8-8B4A-11D0-8D11-00A0C91BC942}") = "Project a28", "Project a28\Project a28.vcxproj", "{EAB17E8E-3FCF-4B3A-8A85-FD5B0FEDCBB4}"
EndProject
Project("{8BC9CEB8-8B4A-11D0-8D11-00A0C91BC942}") = "Project a29", "Project a29\Project a29.vcxproj", "{8F37E873-EF55-46BC-AACA-534815AFD859}"
EndProject
Project("{8BC9CEB8-8B4A-11D0-8D11-00A0C91BC942}") = "Project a30", "Project a30\Project a30.vcxproj", "{8E0B5119-FD04-4820-84E4-A17C1824E522}"
EndProject
Project("{8BC9CEB8-8B4A-11D0-8D11-00A0C91BC942}") = "Project a31", "Project a31\Project a31.vcxproj", "{45C24FB4-CCEF-45FC-B42E-9A79111535CA}"
EndProject
Project("{8BC9CEB8-8B4A-11D0-8D11-00A0C91BC942}") = "Project a32", "Project a32\Project a32.vcxproj", "{7CE6D2A8-F319-4585-B3AD-1CFD34705C28}"
EndProject
Project("{8BC9CEB8-8B4A-11D0-8D11-00A0C91BC942}") = "Project a33", "Project a33\Project a33.vcxproj", "{095DA66F-9AE8-41CA-A462-2A93665A5323}"
EndProject
Project("{8BC9CEB8-8B4A-11D0-8D11-00A0C91BC942}") = "Project a34", "Project a34\Project a34.vcxproj", "{4409B4FF-336B-4BB5-AD73-452931BB9D2E}"
EndProject
Project("{8BC9CEB8-8B4A-11D0-8D11-00A0C91BC942}") = "Project a35", "Project a35\Project a35.vcxproj", "{C3BD9C8C-F7D2-46C5-8D81-3EAA3EEB6AF5}"
EndProject
Project("{8BC9CEB8-8B4A-11D0-8D11-00A0C91BC942}") = "Project a36", "Project a36\Project a36.vcxproj", "{BC72842E-FB2E-4C5A-B66E-B80C8CE255CF}"
EndProject
Project("{8BC9CEB8-8B4A-11D0-8D11-00A0C91BC942}") = "Project a37", "Project a37\Project a37.vcxproj", "{ACF38E4A-0B76-4C91-AA8D-3C5EEE93AFF2}"
EndProject
Project("{8BC9CEB8-8B4A-11D0-8D11-00A0C91BC942}") = "Project r9C", "Project r9C\Project r9C.vcxproj", "{F512E7D9-9A72-44AE-B720-5E22CB20BF80}"
EndProject
Project("{8BC9CEB8-8B4A-11D0-8D11-00A0C91BC942}") = "Project a38", "Project a38\Project a38.vcxproj", "{86CD2D93-601A-4EDB-94BB-A23A98D9F7C2}"
EndProject
Project("{8BC9CEB8-8B4A-11D0-8D11-00A0C91BC942}") = "Project a39", "Project a39\Project a39.vcxproj", "{2F8D7C4C-050D-4011-968A-F5320042793E}"
EndProject
Project("{8BC9CEB8-8B4A-11D0-8D11-00A0C91BC942}") = "Project a40 FINAL PROJECT", "Project a40 FINAL PROJECT\Project a40 FINAL PROJECT.vcxproj", "{D8A5B154-E0B3-4436-A4DE-F8F217E9CDD4}"
EndProject
Global
	GlobalSection(SolutionConfigurationPlatforms) = preSolution
		Debug|x64 = Debug|x64
		Debug|x86 = Debug|x86
		Release|x64 = Release|x64
		Release|x86 = Release|x86
	EndGlobalSection
	GlobalSection(ProjectConfigurationPlatforms) = postSolution
		{7271EF95-1C05-462E-83FC-99A1BCDB42A9}.Debug|x64.ActiveCfg = Debug|x64
		{7271EF95-1C05-462E-83FC-99A1BCDB42A9}.Debug|x64.Build.0 = Debug|x64
		{7271EF95-1C05-462E-83FC-99A1BCDB42A9}.Debug|x86.ActiveCfg = Debug|Win32
		{7271EF95-1C05-462E-83FC-99A1BCDB42A9}.Debug|x86.Build.0 = Debug|Win32
		{7271EF95-1C05-462E-83FC-99A1BCDB42A9}.Release|x64.ActiveCfg = Release|x64
		{7271EF95-1C05-462E-83FC-99A1BCDB42A9}.Release|x64.Build.0 = Release|x64
		{7271EF95-1C05-462E-83FC-99A1BCDB42A9}.Release|x86.ActiveCfg = Release|Win32
		{7271EF95-1C05-462E-83FC-99A1BCDB42A9}.Release|x86.Build.0 = Release|Win32
		{2E2D4CC4-CE6C-4E05-9163-0C584DDB128A}.Debug|x64.ActiveCfg = Debug|x64
		{2E2D4CC4-CE6C-4E05-9163-0C584DDB128A}.Debug|x64.Build.0 = Debug|x64
		{2E2D4CC4-CE6C-4E05-9163-0C584DDB128A}.Debug|x86.ActiveCfg = Debug|Win32
		{2E2D4CC4-CE6C-4E05-9163-0C584DDB128A}.Debug|x86.Build.0 = Debug|Win32
		{2E2D4CC4-CE6C-4E05-9163-0C584DDB128A}.Release|x64.ActiveCfg = Release|x64
		{2E2D4CC4-CE6C-4E05-9163-0C584DDB128A}.Release|x64.Build.0 = Release|x64
		{2E2D4CC4-CE6C-4E05-9163-0C584DDB128A}.Release|x86.ActiveCfg = Release|Win32
		{2E2D4CC4-CE6C-4E05-9163-0C584DDB128A}.Release|x86.Build.0 = Release|Win32
		{53770B3C-3F04-41F6-A9F8-4A6EA9CCCB76}.Debug|x64.ActiveCfg = Debug|x64
		{53770B3C-3F04-41F6-A9F8-4A6EA9CCCB76}.Debug|x64.Build.0 = Debug|x64
		{53770B3C-3F04-41F6-A9F8-4A6EA9CCCB76}.Debug|x86.ActiveCfg = Debug|Win32
		{53770B3C-3F04-41F6-A9F8-4A6EA9CCCB76}.Debug|x86.Build.0 = Debug|Win32
		{53770B3C-3F04-41F6-A9F8-4A6EA9CCCB76}.Release|x64.ActiveCfg = Release|x64
		{53770B3C-3F04-41F6-A9F8-4A6EA9CCCB76}.Release|x64.Build.0 = Release|x64
		{53770B3C-3F04-41F6-A9F8-4A6EA9CCCB76}.Release|x86.ActiveCfg = Release|Win32
		{53770B3C-3F04-41F6-A9F8-4A6EA9CCCB76}.Release|x86.Build.0 = Release|Win32
		{AAFE26F8-B4CE-4E10-A0F3-E1E2D3034BEC}.Debug|x64.ActiveCfg = Debug|x64
		{AAFE26F8-B4CE-4E10-A0F3-E1E2D3034BEC}.Debug|x64.Build.0 = Debug|x64
		{AAFE26F8-B4CE-4E10-A0F3-E1E2D3034BEC}.Debug|x86.ActiveCfg = Debug|Win32
		{AAFE26F8-B4CE-4E10-A0F3-E1E2D3034BEC}.Debug|x86.Build.0 = Debug|Win32
		{AAFE26F8-B4CE-4E10-A0F3-E1E2D3034BEC}.Release|x64.ActiveCfg = Release|x64
		{AAFE26F8-B4CE-4E10-A0F3-E1E2D3034BEC}.Release|x64.Build.0 = Release|x64
		{AAFE26F8-B4CE-4E10-A0F3-E1E2D3034BEC}.Release|x86.ActiveCfg = Release|Win32
		{AAFE26F8-B4CE-4E10-A0F3-E1E2D3034BEC}.Release|x86.Build.0 = Release|Win32
		{C26AD152-09AC-4607-807D-5CE8CB1BEBFB}.Debug|x64.ActiveCfg = Debug|x64
		{C26AD152-09AC-4607-807D-5CE8CB1BEBFB}.Debug|x64.Build.0 = Debug|x64
		{C26AD152-09AC-4607-807D-5CE8CB1BEBFB}.Debug|x86.ActiveCfg = Debug|Win32
		{C26AD152-09AC-4607-807D-5CE8CB1BEBFB}.Debug|x86.Build.0 = Debug|Win32
		{C26AD152-09AC-4607-807D-5CE8CB1BEBFB}.Release|x64.ActiveCfg = Release|x64
		{C26AD152-09AC-4607-807D-5CE8CB1BEBFB}.Release|x64.Build.0 = Release|x64
		{C26AD152-09AC-4607-807D-5CE8CB1BEBFB}.Release|x86.ActiveCfg = Release|Win32
		{C26AD152-09AC-4607-807D-5CE8CB1BEBFB}.Release|x86.Build.0 = Release|Win32
		{16793BFC-BB22-4E87-8AC8-A0142D29389E}.Debug|x64.ActiveCfg = Debug|x64
		{16793BFC-BB22-4E87-8AC8-A0142D29389E}.Debug|x64.Build.0 = Debug|x64
		{16793BFC-BB22-4E87-8AC8-A0142D29389E}.Debug|x86.ActiveCfg = Debug|Win32
		{16793BFC-BB22-4E87-8AC8-A0142D29389E}.Debug|x86.Build.0 = Debug|Win32
		{16793BFC-BB22-4E87-8AC8-A0142D29389E}.Release|x64.ActiveCfg = Release|x64
		{16793BFC-BB22-4E87-8AC8-A0142D29389E}.Release|x64.Build.0 = Release|x64
		{16793BFC-BB22-4E87-8AC8-A0142D29389E}.Release|x86.ActiveCfg = Release|Win32
		{16793BFC-BB22-4E87-8AC8-A0142D29389E}.Release|x86.Build.0 = Release|Win32
		{9F0FDF67-45F8-4B8E-BF60-357C5065D367}.Debug|x64.ActiveCfg = Debug|x64
		{9F0FDF67-45F8-4B8E-BF60-357C5065D367}.Debug|x64.Build.0 = Debug|x64
		{9F0FDF67-45F8-4B8E-BF60-357C5065D367}.Debug|x86.ActiveCfg = Debug|Win32
		{9F0FDF67-45F8-4B8E-BF60-357C5065D367}.Debug|x86.Build.0 = Debug|Win32
		{9F0FDF67-45F8-4B8E-BF60-357C5065D367}.Release|x64.ActiveCfg = Release|x64
		{9F0FDF67-45F8-4B8E-BF60-357C5065D367}.Release|x64.Build.0 = Release|x64
		{9F0FDF67-45F8-4B8E-BF60-357C5065D367}.Release|x86.ActiveCfg = Release|Win32
		{9F0FDF67-45F8-4B8E-BF60-357C5065D367}.Release|x86.Build.0 = Release|Win32
		{8571A2F0-367B-42EB-8C26-C56C54252D6E}.Debug|x64.ActiveCfg = Debug|x64
		{8571A2F0-367B-42EB-8C26-C56C54252D6E}.Debug|x64.Build.0 = Debug|x64
		{8571A2F0-367B-42EB-8C26-C56C54252D6E}.Debug|x86.ActiveCfg = Debug|Win32
		{8571A2F0-367B-42EB-8C26-C56C54252D6E}.Debug|x86.Build.0 = Debug|Win32
		{8571A2F0-367B-42EB-8C26-C56C54252D6E}.Release|x64.ActiveCfg = Release|x64
		{8571A2F0-367B-42EB-8C26-C56C54252D6E}.Release|x64.Build.0 = Release|x64
		{8571A2F0-367B-42EB-8C26-C56C54252D6E}.Release|x86.ActiveCfg = Release|Win32
		{8571A2F0-367B-42EB-8C26-C56C54252D6E}.Release|x86.Build.0 = Release|Win32
		{910D5793-1C21-4C9A-A193-4BAB4BA9D2F5}.Debug|x64.ActiveCfg = Debug|x64
		{910D5793-1C21-4C9A-A193-4BAB4BA9D2F5}.Debug|x64.Build.0 = Debug|x64
		{910D5793-1C21-4C9A-A193-4BAB4BA9D2F5}.Debug|x86.ActiveCfg = Debug|Win32
		{910D5793-1C21-4C9A-A193-4BAB4BA9D2F5}.Debug|x86.Build.0 = Debug|Win32
		{910D5793-1C21-4C9A-A193-4BAB4BA9D2F5}.Release|x64.ActiveCfg = Release|x64
		{910D5793-1C21-4C9A-A193-4BAB4BA9D2F5}.Release|x64.Build.0 = Release|x64
		{910D5793-1C21-4C9A-A193-4BAB4BA9D2F5}.Release|x86.ActiveCfg = Release|Win32
		{910D5793-1C21-4C9A-A193-4BAB4BA9D2F5}.Release|x86.Build.0 = Release|Win32
		{E4FBC562-9BAF-47A0-9AC6-B625CCC05E16}.Debug|x64.ActiveCfg = Debug|x64
		{E4FBC562-9BAF-47A0-9AC6-B625CCC05E16}.Debug|x64.Build.0 = Debug|x64
		{E4FBC562-9BAF-47A0-9AC6-B625CCC05E16}.Debug|x86.ActiveCfg = Debug|Win32
		{E4FBC562-9BAF-47A0-9AC6-B625CCC05E16}.Debug|x86.Build.0 = Debug|Win32
		{E4FBC562-9BAF-47A0-9AC6-B625CCC05E16}.Release|x64.ActiveCfg = Release|x64
		{E4FBC562-9BAF-47A0-9AC6-B625CCC05E16}.Release|x64.Build.0 = Release|x64
		{E4FBC562-9BAF-47A0-9AC6-B625CCC05E16}.Release|x86.ActiveCfg = Release|Win32
		{E4FBC562-9BAF-47A0-9AC6-B625CCC05E16}.Release|x86.Build.0 = Release|Win32
		{413CEAFE-D841-4CCD-A14B-A0A0953A370D}.Debug|x64.ActiveCfg = Debug|x64
		{413CEAFE-D841-4CCD-A14B-A0A0953A370D}.Debug|x64.Build.0 = Debug|x64
		{413CEAFE-D841-4CCD-A14B-A0A0953A370D}.Debug|x86.ActiveCfg = Debug|Win32
		{413CEAFE-D841-4CCD-A14B-A0A0953A370D}.Debug|x86.Build.0 = Debug|Win32
		{413CEAFE-D841-4CCD-A14B-A0A0953A370D}.Release|x64.ActiveCfg = Release|x64
		{413CEAFE-D841-4CCD-A14B-A0A0953A370D}.Release|x64.Build.0 = Release|x64
		{413CEAFE-D841-4CCD-A14B-A0A0953A370D}.Release|x86.ActiveCfg = Release|Win32
		{413CEAFE-D841-4CCD-A14B-A0A0953A370D}.Release|x86.Build.0 = Release|Win32
		{7F28E418-FDB2-43FA-BE0F-EC0375B04B3B}.Debug|x64.ActiveCfg = Debug|x64
		{7F28E418-FDB2-43FA-BE0F-EC0375B04B3B}.Debug|x64.Build.0 = Debug|x64
		{7F28E418-FDB2-43FA-BE0F-EC0375B04B3B}.Debug|x86.ActiveCfg = Debug|Win32
		{7F28E418-FDB2-43FA-BE0F-EC0375B04B3B}.Debug|x86.Build.0 = Debug|Win32
		{7F28E418-FDB2-43FA-BE0F-EC0375B04B3B}.Release|x64.ActiveCfg = Release|x64
		{7F28E418-FDB2-43FA-BE0F-EC0375B04B3B}.Release|x64.Build.0 = Release|x64
		{7F28E418-FDB2-43FA-BE0F-EC0375B04B3B}.Release|x86.ActiveCfg = Release|Win32
		{7F28E418-FDB2-43FA-BE0F-EC0375B04B3B}.Release|x86.Build.0 = Release|Win32
		{C2185A8A-8F43-4816-98FB-8714CFD928F7}.Debug|x64.ActiveCfg = Debug|x64
		{C2185A8A-8F43-4816-98FB-8714CFD928F7}.Debug|x64.Build.0 = Debug|x64
		{C2185A8A-8F43-4816-98FB-8714CFD928F7}.Debug|x86.ActiveCfg = Debug|Win32
		{C2185A8A-8F43-4816-98FB-8714CFD928F7}.Debug|x86.Build.0 = Debug|Win32
		{C2185A8A-8F43-4816-98FB-8714CFD928F7}.Release|x64.ActiveCfg = Release|x64
		{C2185A8A-8F43-4816-98FB-8714CFD928F7}.Release|x64.Build.0 = Release|x64
		{C2185A8A-8F43-4816-98FB-8714CFD928F7}.Release|x86.ActiveCfg = Release|Win32
		{C2185A8A-8F43-4816-98FB-8714CFD928F7}.Release|x86.Build.0 = Release|Win32
		{DF4C5C49-AFA8-4C97-9074-C373712530AC}.Debug|x64.ActiveCfg = Debug|x64
		{DF4C5C49-AFA8-4C97-9074-C373712530AC}.Debug|x64.Build.0 = Debug|x64
		{DF4C5C49-AFA8-4C97-9074-C373712530AC}.Debug|x86.ActiveCfg = Debug|Win32
		{DF4C5C49-AFA8-4C97-9074-C373712530AC}.Debug|x86.Build.0 = Debug|Win32
		{DF4C5C49-AFA8-4C97-9074-C373712530AC}.Release|x64.ActiveCfg = Release|x64
		{DF4C5C49-AFA8-4C97-9074-C373712530AC}.Release|x64.Build.0 = Release|x64
		{DF4C5C49-AFA8-4C97-9074-C373712530AC}.Release|x86.ActiveCfg = Release|Win32
		{DF4C5C49-AFA8-4C97-9074-C373712530AC}.Release|x86.Build.0 = Release|Win32
		{AF557705-8819-4CC7-8A92-AAB240D03B1F}.Debug|x64.ActiveCfg = Debug|x64
		{AF557705-8819-4CC7-8A92-AAB240D03B1F}.Debug|x64.Build.0 = Debug|x64
		{AF557705-8819-4CC7-8A92-AAB240D03B1F}.Debug|x86.ActiveCfg = Debug|Win32
		{AF557705-8819-4CC7-8A92-AAB240D03B1F}.Debug|x86.Build.0 = Debug|Win32
		{AF557705-8819-4CC7-8A92-AAB240D03B1F}.Release|x64.ActiveCfg = Release|x64
		{AF557705-8819-4CC7-8A92-AAB240D03B1F}.Release|x64.Build.0 = Release|x64
		{AF557705-8819-4CC7-8A92-AAB240D03B1F}.Release|x86.ActiveCfg = Release|Win32
		{AF557705-8819-4CC7-8A92-AAB240D03B1F}.Release|x86.Build.0 = Release|Win32
		{5EC5F438-5499-4A33-B2CB-17DB4BC7DB86}.Debug|x64.ActiveCfg = Debug|x64
		{5EC5F438-5499-4A33-B2CB-17DB4BC7DB86}.Debug|x64.Build.0 = Debug|x64
		{5EC5F438-5499-4A33-B2CB-17DB4BC7DB86}.Debug|x86.ActiveCfg = Debug|Win32
		{5EC5F438-5499-4A33-B2CB-17DB4BC7DB86}.Debug|x86.Build.0 = Debug|Win32
		{5EC5F438-5499-4A33-B2CB-17DB4BC7DB86}.Release|x64.ActiveCfg = Release|x64
		{5EC5F438-5499-4A33-B2CB-17DB4BC7DB86}.Release|x64.Build.0 = Release|x64
		{5EC5F438-5499-4A33-B2CB-17DB4BC7DB86}.Release|x86.ActiveCfg = Release|Win32
		{5EC5F438-5499-4A33-B2CB-17DB4BC7DB86}.Release|x86.Build.0 = Release|Win32
		{F034F9A6-F002-4E1B-BA20-E1AC504F6FCA}.Debug|x64.ActiveCfg = Debug|x64
		{F034F9A6-F002-4E1B-BA20-E1AC504F6FCA}.Debug|x64.Build.0 = Debug|x64
		{F034F9A6-F002-4E1B-BA20-E1AC504F6FCA}.Debug|x86.ActiveCfg = Debug|Win32
		{F034F9A6-F002-4E1B-BA20-E1AC504F6FCA}.Debug|x86.Build.0 = Debug|Win32
		{F034F9A6-F002-4E1B-BA20-E1AC504F6FCA}.Release|x64.ActiveCfg = Release|x64
		{F034F9A6-F002-4E1B-BA20-E1AC504F6FCA}.Release|x64.Build.0 = Release|x64
		{F034F9A6-F002-4E1B-BA20-E1AC504F6FCA}.Release|x86.ActiveCfg = Release|Win32
		{F034F9A6-F002-4E1B-BA20-E1AC504F6FCA}.Release|x86.Build.0 = Release|Win32
		{53049A5B-3A9A-4236-AC83-D1423265BB54}.Debug|x64.ActiveCfg = Debug|x64
		{53049A5B-3A9A-4236-AC83-D1423265BB54}.Debug|x64.Build.0 = Debug|x64
		{53049A5B-3A9A-4236-AC83-D1423265BB54}.Debug|x86.ActiveCfg = Debug|Win32
		{53049A5B-3A9A-4236-AC83-D1423265BB54}.Debug|x86.Build.0 = Debug|Win32
		{53049A5B-3A9A-4236-AC83-D1423265BB54}.Release|x64.ActiveCfg = Release|x64
		{53049A5B-3A9A-4236-AC83-D1423265BB54}.Release|x64.Build.0 = Release|x64
		{53049A5B-3A9A-4236-AC83-D1423265BB54}.Release|x86.ActiveCfg = Release|Win32
		{53049A5B-3A9A-4236-AC83-D1423265BB54}.Release|x86.Build.0 = Release|Win32
		{813B769E-E0A2-4551-BDD1-EB5DC2D50187}.Debug|x64.ActiveCfg = Debug|x64
		{813B769E-E0A2-4551-BDD1-EB5DC2D50187}.Debug|x64.Build.0 = Debug|x64
		{813B769E-E0A2-4551-BDD1-EB5DC2D50187}.Debug|x86.ActiveCfg = Debug|Win32
		{813B769E-E0A2-4551-BDD1-EB5DC2D50187}.Debug|x86.Build.0 = Debug|Win32
		{813B769E-E0A2-4551-BDD1-EB5DC2D50187}.Release|x64.ActiveCfg = Release|x64
		{813B769E-E0A2-4551-BDD1-EB5DC2D50187}.Release|x64.Build.0 = Release|x64
		{813B769E-E0A2-4551-BDD1-EB5DC2D50187}.Release|x86.ActiveCfg = Release|Win32
		{813B769E-E0A2-4551-BDD1-EB5DC2D50187}.Release|x86.Build.0 = Release|Win32
		{FE7F0B01-12A2-410C-AD84-8D4D321737ED}.Debug|x64.ActiveCfg = Debug|x64
		{FE7F0B01-12A2-410C-AD84-8D4D321737ED}.Debug|x64.Build.0 = Debug|x64
		{FE7F0B01-12A2-410C-AD84-8D4D321737ED}.Debug|x86.ActiveCfg = Debug|Win32
		{FE7F0B01-12A2-410C-AD84-8D4D321737ED}.Debug|x86.Build.0 = Debug|Win32
		{FE7F0B01-12A2-410C-AD84-8D4D321737ED}.Release|x64.ActiveCfg = Release|x64
		{FE7F0B01-12A2-410C-AD84-8D4D321737ED}.Release|x64.Build.0 = Release|x64
		{FE7F0B01-12A2-410C-AD84-8D4D321737ED}.Release|x86.ActiveCfg = Release|Win32
		{FE7F0B01-12A2-410C-AD84-8D4D321737ED}.Release|x86.Build.0 = Release|Win32
		{E7DE7A73-A6CE-4A4E-A91F-C92FA0C4F874}.Debug|x64.ActiveCfg = Debug|x64
		{E7DE7A73-A6CE-4A4E-A91F-C92FA0C4F874}.Debug|x64.Build.0 = Debug|x64
		{E7DE7A73-A6CE-4A4E-A91F-C92FA0C4F874}.Debug|x86.ActiveCfg = Debug|Win32
		{E7DE7A73-A6CE-4A4E-A91F-C92FA0C4F874}.Debug|x86.Build.0 = Debug|Win32
		{E7DE7A73-A6CE-4A4E-A91F-C92FA0C4F874}.Release|x64.ActiveCfg = Release|x64
		{E7DE7A73-A6CE-4A4E-A91F-C92FA0C4F874}.Release|x64.Build.0 = Release|x64
		{E7DE7A73-A6CE-4A4E-A91F-C92FA0C4F874}.Release|x86.ActiveCfg = Release|Win32
		{E7DE7A73-A6CE-4A4E-A91F-C92FA0C4F874}.Release|x86.Build.0 = Release|Win32
		{FC52F78D-982A-4361-BDC4-474C046D41AD}.Debug|x64.ActiveCfg = Debug|x64
		{FC52F78D-982A-4361-BDC4-474C046D41AD}.Debug|x64.Build.0 = Debug|x64
		{FC52F78D-982A-4361-BDC4-474C046D41AD}.Debug|x86.ActiveCfg = Debug|Win32
		{FC52F78D-982A-4361-BDC4-474C046D41AD}.Debug|x86.Build.0 = Debug|Win32
		{FC52F78D-982A-4361-BDC4-474C046D41AD}.Release|x64.ActiveCfg = Release|x64
		{FC52F78D-982A-4361-BDC4-474C046D41AD}.Release|x64.Build.0 = Release|x64
		{FC52F78D-982A-4361-BDC4-474C046D41AD}.Release|x86.ActiveCfg = Release|Win32
		{FC52F78D-982A-4361-BDC4-474C046D41AD}.Release|x86.Build.0 = Release|Win32
		{3926C872-4719-4E9B-9522-FC664183F091}.Debug|x64.ActiveCfg = Debug|x64
		{3926C872-4719-4E9B-9522-FC664183F091}.Debug|x64.Build.0 = Debug|x64
		{3926C872-4719-4E9B-9522-FC664183F091}.Debug|x86.ActiveCfg = Debug|Win32
		{3926C872-4719-4E9B-9522-FC664183F091}.Debug|x86.Build.0 = Debug|Win32
		{3926C872-4719-4E9B-9522-FC664183F091}.Release|x64.ActiveCfg = Release|x64
		{3926C872-4719-4E9B-9522-FC664183F091}.Release|x64.Build.0 = Release|x64
		{3926C872-4719-4E9B-9522-FC664183F091}.Release|x86.ActiveCfg = Release|Win32
		{3926C872-4719-4E9B-9522-FC664183F091}.Release|x86.Build.0 = Release|Win32
		{AD93DA41-CFC5-4B0D-B344-C269B65E96B6}.Debug|x64.ActiveCfg = Debug|x64
		{AD93DA41-CFC5-4B0D-B344-C269B65E96B6}.Debug|x64.Build.0 = Debug|x64
		{AD93DA41-CFC5-4B0D-B344-C269B65E96B6}.Debug|x86.ActiveCfg = Debug|Win32
		{AD93DA41-CFC5-4B0D-B344-C269B65E96B6}.Debug|x86.Build.0 = Debug|Win32
		{AD93DA41-CFC5-4B0D-B344-C269B65E96B6}.Release|x64.ActiveCfg = Release|x64
		{AD93DA41-CFC5-4B0D-B344-C269B65E96B6}.Release|x64.Build.0 = Release|x64
		{AD93DA41-CFC5-4B0D-B344-C269B65E96B6}.Release|x86.ActiveCfg = Release|Win32
		{AD93DA41-CFC5-4B0D-B344-C269B65E96B6}.Release|x86.Build.0 = Release|Win32
		{199F8D31-0277-41CA-8FC1-56316DD85815}.Debug|x64.ActiveCfg = Debug|x64
		{199F8D31-0277-41CA-8FC1-56316DD85815}.Debug|x64.Build.0 = Debug|x64
		{199F8D31-0277-41CA-8FC1-56316DD85815}.Debug|x86.ActiveCfg = Debug|Win32
		{199F8D31-0277-41CA-8FC1-56316DD85815}.Debug|x86.Build.0 = Debug|Win32
		{199F8D31-0277-41CA-8FC1-56316DD85815}.Release|x64.ActiveCfg = Release|x64
		{199F8D31-0277-41CA-8FC1-56316DD85815}.Release|x64.Build.0 = Release|x64
		{199F8D31-0277-41CA-8FC1-56316DD85815}.Release|x86.ActiveCfg = Release|Win32
		{199F8D31-0277-41CA-8FC1-56316DD85815}.Release|x86.Build.0 = Release|Win32
		{04125DC7-29F1-4687-8460-B8DDC75330F8}.Debug|x64.ActiveCfg = Debug|x64
		{04125DC7-29F1-4687-8460-B8DDC75330F8}.Debug|x64.Build.0 = Debug|x64
		{04125DC7-29F1-4687-8460-B8DDC75330F8}.Debug|x86.ActiveCfg = Debug|Win32
		{04125DC7-29F1-4687-8460-B8DDC75330F8}.Debug|x86.Build.0 = Debug|Win32
		{04125DC7-29F1-4687-8460-B8DDC75330F8}.Release|x64.ActiveCfg = Release|x64
		{04125DC7-29F1-4687-8460-B8DDC75330F8}.Release|x64.Build.0 = Release|x64
		{04125DC7-29F1-4687-8460-B8DDC75330F8}.Release|x86.ActiveCfg = Release|Win32
		{04125DC7-29F1-4687-8460-B8DDC75330F8}.Release|x86.Build.0 = Release|Win32
		{B12CEF8F-7E69-4C03-A776-B92D43D555D0}.Debug|x64.ActiveCfg = Debug|x64
		{B12CEF8F-7E69-4C03-A776-B92D43D555D0}.Debug|x64.Build.0 = Debug|x64
		{B12CEF8F-7E69-4C03-A776-B92D43D555D0}.Debug|x86.ActiveCfg = Debug|Win32
		{B12CEF8F-7E69-4C03-A776-B92D43D555D0}.Debug|x86.Build.0 = Debug|Win32
		{B12CEF8F-7E69-4C03-A776-B92D43D555D0}.Release|x64.ActiveCfg = Release|x64
		{B12CEF8F-7E69-4C03-A776-B92D43D555D0}.Release|x64.Build.0 = Release|x64
		{B12CEF8F-7E69-4C03-A776-B92D43D555D0}.Release|x86.ActiveCfg = Release|Win32
		{B12CEF8F-7E69-4C03-A776-B92D43D555D0}.Release|x86.Build.0 = Release|Win32
		{0044BD70-F0CC-4D3C-9578-F9274F0B5EE8}.Debug|x64.ActiveCfg = Debug|x64
		{0044BD70-F0CC-4D3C-9578-F9274F0B5EE8}.Debug|x64.Build.0 = Debug|x64
		{0044BD70-F0CC-4D3C-9578-F9274F0B5EE8}.Debug|x86.ActiveCfg = Debug|Win32
		{0044BD70-F0CC-4D3C-9578-F9274F0B5EE8}.Debug|x86.Build.0 = Debug|Win32
		{0044BD70-F0CC-4D3C-9578-F9274F0B5EE8}.Release|x64.ActiveCfg = Release|x64
		{0044BD70-F0CC-4D3C-9578-F9274F0B5EE8}.Release|x64.Build.0 = Release|x64
		{0044BD70-F0CC-4D3C-9578-F9274F0B5EE8}.Release|x86.ActiveCfg = Release|Win32
		{0044BD70-F0CC-4D3C-9578-F9274F0B5EE8}.Release|x86.Build.0 = Release|Win32
		{EAB17E8E-3FCF-4B3A-8A85-FD5B0FEDCBB4}.Debug|x64.ActiveCfg = Debug|x64
		{EAB17E8E-3FCF-4B3A-8A85-FD5B0FEDCBB4}.Debug|x64.Build.0 = Debug|x64
		{EAB17E8E-3FCF-4B3A-8A85-FD5B0FEDCBB4}.Debug|x86.ActiveCfg = Debug|Win32
		{EAB17E8E-3FCF-4B3A-8A85-FD5B0FEDCBB4}.Debug|x86.Build.0 = Debug|Win32
		{EAB17E8E-3FCF-4B3A-8A85-FD5B0FEDCBB4}.Release|x64.ActiveCfg = Release|x64
		{EAB17E8E-3FCF-4B3A-8A85-FD5B0FEDCBB4}.Release|x64.Build.0 = Release|x64
		{EAB17E8E-3FCF-4B3A-8A85-FD5B0FEDCBB4}.Release|x86.ActiveCfg = Release|Win32
		{EAB17E8E-3FCF-4B3A-8A85-FD5B0FEDCBB4}.Release|x86.Build.0 = Release|Win32
		{8F37E873-EF55-46BC-AACA-534815AFD859}.Debug|x64.ActiveCfg = Debug|x64
		{8F37E873-EF55-46BC-AACA-534815AFD859}.Debug|x64.Build.0 = Debug|x64
		{8F37E873-EF55-46BC-AACA-534815AFD859}.Debug|x86.ActiveCfg = Debug|Win32
		{8F37E873-EF55-46BC-AACA-534815AFD859}.Debug|x86.Build.0 = Debug|Win32
		{8F37E873-EF55-46BC-AACA-534815AFD859}.Release|x64.ActiveCfg = Release|x64
		{8F37E873-EF55-46BC-AACA-534815AFD859}.Release|x64.Build.0 = Release|x64
		{8F37E873-EF55-46BC-AACA-534815AFD859}.Release|x86.ActiveCfg = Release|Win32
		{8F37E873-EF55-46BC-AACA-534815AFD859}.Release|x86.Build.0 = Release|Win32
		{8E0B5119-FD04-4820-84E4-A17C1824E522}.Debug|x64.ActiveCfg = Debug|x64
		{8E0B5119-FD04-4820-84E4-A17C1824E522}.Debug|x64.Build.0 = Debug|x64
		{8E0B5119-FD04-4820-84E4-A17C1824E522}.Debug|x86.ActiveCfg = Debug|Win32
		{8E0B5119-FD04-4820-84E4-A17C1824E522}.Debug|x86.Build.0 = Debug|Win32
		{8E0B5119-FD04-4820-84E4-A17C1824E522}.Release|x64.ActiveCfg = Release|x64
		{8E0B5119-FD04-4820-84E4-A17C1824E522}.Release|x64.Build.0 = Release|x64
		{8E0B5119-FD04-4820-84E4-A17C1824E522}.Release|x86.ActiveCfg = Release|Win32
		{8E0B5119-FD04-4820-84E4-A17C1824E522}.Release|x86.Build.0 = Release|Win32
		{45C24FB4-CCEF-45FC-B42E-9A79111535CA}.Debug|x64.ActiveCfg = Debug|x64
		{45C24FB4-CCEF-45FC-B42E-9A79111535CA}.Debug|x64.Build.0 = Debug|x64
		{45C24FB4-CCEF-45FC-B42E-9A79111535CA}.Debug|x86.ActiveCfg = Debug|Win32
		{45C24FB4-CCEF-45FC-B42E-9A79111535CA}.Debug|x86.Build.0 = Debug|Win32
		{45C24FB4-CCEF-45FC-B42E-9A79111535CA}.Release|x64.ActiveCfg = Release|x64
		{45C24FB4-CCEF-45FC-B42E-9A79111535CA}.Release|x64.Build.0 = Release|x64
		{45C24FB4-CCEF-45FC-B42E-9A79111535CA}.Release|x86.ActiveCfg = Release|Win32
		{45C24FB4-CCEF-45FC-B42E-9A79111535CA}.Release|x86.Build.0 = Release|Win32
		{7CE6D2A8-F319-4585-B3AD-1CFD34705C28}.Debug|x64.ActiveCfg = Debug|x64
		{7CE6D2A8-F319-4585-B3AD-1CFD34705C28}.Debug|x64.Build.0 = Debug|x64
		{7CE6D2A8-F319-4585-B3AD-1CFD34705C28}.Debug|x86.ActiveCfg = Debug|Win32
		{7CE6D2A8-F319-4585-B3AD-1CFD34705C28}.Debug|x86.Build.0 = Debug|Win32
		{7CE6D2A8-F319-4585-B3AD-1CFD34705C28}.Release|x64.ActiveCfg = Release|x64
		{7CE6D2A8-F319-4585-B3AD-1CFD34705C28}.Release|x64.Build.0 = Release|x64
		{7CE6D2A8-F319-4585-B3AD-1CFD34705C28}.Release|x86.ActiveCfg = Release|Win32
		{7CE6D2A8-F319-4585-B3AD-1CFD34705C28}.Release|x86.Build.0 = Release|Win32
		{095DA66F-9AE8-41CA-A462-2A93665A5323}.Debug|x64.ActiveCfg = Debug|x64
		{095DA66F-9AE8-41CA-A462-2A93665A5323}.Debug|x64.Build.0 = Debug|x64
		{095DA66F-9AE8-41CA-A462-2A93665A5323}.Debug|x86.ActiveCfg = Debug|Win32
		{095DA66F-9AE8-41CA-A462-2A93665A5323}.Debug|x86.Build.0 = Debug|Win32
		{095DA66F-9AE8-41CA-A462-2A93665A5323}.Release|x64.ActiveCfg = Release|x64
		{095DA66F-9AE8-41CA-A462-2A93665A5323}.Release|x64.Build.0 = Release|x64
		{095DA66F-9AE8-41CA-A462-2A93665A5323}.Release|x86.ActiveCfg = Release|Win32
		{095DA66F-9AE8-41CA-A462-2A93665A5323}.Release|x86.Build.0 = Release|Win32
		{4409B4FF-336B-4BB5-AD73-452931BB9D2E}.Debug|x64.ActiveCfg = Debug|x64
		{4409B4FF-336B-4BB5-AD73-452931BB9D2E}.Debug|x64.Build.0 = Debug|x64
		{4409B4FF-336B-4BB5-AD73-452931BB9D2E}.Debug|x86.ActiveCfg = Debug|Win32
		{4409B4FF-336B-4BB5-AD73-452931BB9D2E}.Debug|x86.Build.0 = Debug|Win32
		{4409B4FF-336B-4BB5-AD73-452931BB9D2E}.Release|x64.ActiveCfg = Release|x64
		{4409B4FF-336B-4BB5-AD73-452931BB9D2E}.Release|x64.Build.0 = Release|x64
		{4409B4FF-336B-4BB5-AD73-452931BB9D2E}.Release|x86.ActiveCfg = Release|Win32
		{4409B4FF-336B-4BB5-AD73-452931BB9D2E}.Release|x86.Build.0 = Release|Win32
		{C3BD9C8C-F7D2-46C5-8D81-3EAA3EEB6AF5}.Debug|x64.ActiveCfg = Debug|x64
		{C3BD9C8C-F7D2-46C5-8D81-3EAA3EEB6AF5}.Debug|x64.Build.0 = Debug|x64
		{C3BD9C8C-F7D2-46C5-8D81-3EAA3EEB6AF5}.Debug|x86.ActiveCfg = Debug|Win32
		{C3BD9C8C-F7D2-46C5-8D81-3EAA3EEB6AF5}.Debug|x86.Build.0 = Debug|Win32
		{C3BD9C8C-F7D2-46C5-8D81-3EAA3EEB6AF5}.Release|x64.ActiveCfg = Release|x64
		{C3BD9C8C-F7D2-46C5-8D81-3EAA3EEB6AF5}.Release|x64.Build.0 = Release|x64
		{C3BD9C8C-F7D2-46C5-8D81-3EAA3EEB6AF5}.Release|x86.ActiveCfg = Release|Win32
		{C3BD9C8C-F7D2-46C5-8D81-3EAA3EEB6AF5}.Release|x86.Build.0 = Release|Win32
		{BC72842E-FB2E-4C5A-B66E-B80C8CE255CF}.Debug|x64.ActiveCfg = Debug|x64
		{BC72842E-FB2E-4C5A-B66E-B80C8CE255CF}.Debug|x64.Build.0 = Debug|x64
		{BC72842E-FB2E-4C5A-B66E-B80C8CE255CF}.Debug|x86.ActiveCfg = Debug|Win32
		{BC72842E-FB2E-4C5A-B66E-B80C8CE255CF}.Debug|x86.Build.0 = Debug|Win32
		{BC72842E-FB2E-4C5A-B66E-B80C8CE255CF}.Release|x64.ActiveCfg = Release|x64
		{BC72842E-FB2E-4C5A-B66E-B80C8CE255CF}.Release|x64.Build.0 = Release|x64
		{BC72842E-FB2E-4C5A-B66E-B80C8CE255CF}.Release|x86.ActiveCfg = Release|Win32
		{BC72842E-FB2E-4C5A-B66E-B80C8CE255CF}.Release|x86.Build.0 = Release|Win32
		{ACF38E4A-0B76-4C91-AA8D-3C5EEE93AFF2}.Debug|x64.ActiveCfg = Debug|x64
		{ACF38E4A-0B76-4C91-AA8D-3C5EEE93AFF2}.Debug|x64.Build.0 = Debug|x64
		{ACF38E4A-0B76-4C91-AA8D-3C5EEE93AFF2}.Debug|x86.ActiveCfg = Debug|Win32
		{ACF38E4A-0B76-4C91-AA8D-3C5EEE93AFF2}.Debug|x86.Build.0 = Debug|Win32
		{ACF38E4A-0B76-4C91-AA8D-3C5EEE93AFF2}.Release|x64.ActiveCfg = Release|x64
		{ACF38E4A-0B76-4C91-AA8D-3C5EEE93AFF2}.Release|x64.Build.0 = Release|x64
		{ACF38E4A-0B76-4C91-AA8D-3C5EEE93AFF2}.Release|x86.ActiveCfg = Release|Win32
		{ACF38E4A-0B76-4C91-AA8D-3C5EEE93AFF2}.Release|x86.Build.0 = Release|Win32
		{F512E7D9-9A72-44AE-B720-5E22CB20BF80}.Debug|x64.ActiveCfg = Debug|x64
		{F512E7D9-9A72-44AE-B720-5E22CB20BF80}.Debug|x64.Build.0 = Debug|x64
		{F512E7D9-9A72-44AE-B720-5E22CB20BF80}.Debug|x86.ActiveCfg = Debug|Win32
		{F512E7D9-9A72-44AE-B720-5E22CB20BF80}.Debug|x86.Build.0 = Debug|Win32
		{F512E7D9-9A72-44AE-B720-5E22CB20BF80}.Release|x64.ActiveCfg = Release|x64
		{F512E7D9-9A72-44AE-B720-5E22CB20BF80}.Release|x64.Build.0 = Release|x64
		{F512E7D9-9A72-44AE-B720-5E22CB20BF80}.Release|x86.ActiveCfg = Release|Win32
		{F512E7D9-9A72-44AE-B720-5E22CB20BF80}.Release|x86.Build.0 = Release|Win32
		{86CD2D93-601A-4EDB-94BB-A23A98D9F7C2}.Debug|x64.ActiveCfg = Debug|x64
		{86CD2D93-601A-4EDB-94BB-A23A98D9F7C2}.Debug|x64.Build.0 = Debug|x64
		{86CD2D93-601A-4EDB-94BB-A23A98D9F7C2}.Debug|x86.ActiveCfg = Debug|Win32
		{86CD2D93-601A-4EDB-94BB-A23A98D9F7C2}.Debug|x86.Build.0 = Debug|Win32
		{86CD2D93-601A-4EDB-94BB-A23A98D9F7C2}.Release|x64.ActiveCfg = Release|x64
		{86CD2D93-601A-4EDB-94BB-A23A98D9F7C2}.Release|x64.Build.0 = Release|x64
		{86CD2D93-601A-4EDB-94BB-A23A98D9F7C2}.Release|x86.ActiveCfg = Release|Win32
		{86CD2D93-601A-4EDB-94BB-A23A98D9F7C2}.Release|x86.Build.0 = Release|Win32
		{2F8D7C4C-050D-4011-968A-F5320042793E}.Debug|x64.ActiveCfg = Debug|x64
		{2F8D7C4C-050D-4011-968A-F5320042793E}.Debug|x64.Build.0 = Debug|x64
		{2F8D7C4C-050D-4011-968A-F5320042793E}.Debug|x86.ActiveCfg = Debug|Win32
		{2F8D7C4C-050D-4011-968A-F5320042793E}.Debug|x86.Build.0 = Debug|Win32
		{2F8D7C4C-050D-4011-968A-F5320042793E}.Release|x64.ActiveCfg = Release|x64
		{2F8D7C4C-050D-4011-968A-F5320042793E}.Release|x64.Build.0 = Release|x64
		{2F8D7C4C-050D-4011-968A-F5320042793E}.Release|x86.ActiveCfg = Release|Win32
		{2F8D7C4C-050D-4011-968A-F5320042793E}.Release|x86.Build.0 = Release|Win32
		{D8A5B154-E0B3-4436-A4DE-F8F217E9CDD4}.Debug|x64.ActiveCfg = Debug|x64
		{D8A5B154-E0B3-4436-A4DE-F8F217E9CDD4}.Debug|x64.Build.0 = Debug|x64
		{D8A5B154-E0B3-4436-A4DE-F8F217E9CDD4}.Debug|x86.ActiveCfg = Debug|Win32
		{D8A5B154-E0B3-4436-A4DE-F8F217E9CDD4}.Debug|x86.Build.0 = Debug|Win32
		{D8A5B154-E0B3-4436-A4DE-F8F217E9CDD4}.Release|x64.ActiveCfg = Release|x64
		{D8A5B154-E0B3-4436-A4DE-F8F217E9CDD4}.Release|x64.Build.0 = Release|x64
		{D8A5B154-E0B3-4436-A4DE-F8F217E9CDD4}.Release|x86.ActiveCfg = Release|Win32
		{D8A5B154-E0B3-4436-A4DE-F8F217E9CDD4}.Release|x86.Build.0 = Release|Win32
	EndGlobalSection
	GlobalSection(SolutionProperties) = preSolution
		HideSolutionNode = FALSE
	EndGlobalSection
	GlobalSection(ExtensibilityGlobals) = postSolution
		SolutionGuid = {61D08132-C616-41F5-A849-365C518F44B4}
	EndGlobalSection
EndGlobal
